
Microsoft Visual Studio Solution File, Format Version 12.00
# Visual Studio Version 17
VisualStudioVersion = 17.5.33530.505
MinimumVisualStudioVersion = 10.0.40219.1
Project("{FAE04EC0-301F-11D3-BF4B-00C04F79EFBC}") = "ejercicio 4", "ejercicio 4\ejercicio 4.csproj", "{6FDB7264-1C69-4ECA-9604-7D04B63F3DF1}"
EndProject
Global
	GlobalSection(SolutionConfigurationPlatforms) = preSolution
		Debug|Any CPU = Debug|Any CPU
		Release|Any CPU = Release|Any CPU
	EndGlobalSection
	GlobalSection(ProjectConfigurationPlatforms) = postSolution
		{6FDB7264-1C69-4ECA-9604-7D04B63F3DF1}.Debug|Any CPU.ActiveCfg = Debug|Any CPU
		{6FDB7264-1C69-4ECA-9604-7D04B63F3DF1}.Debug|Any CPU.Build.0 = Debug|Any CPU
		{6FDB7264-1C69-4ECA-9604-7D04B63F3DF1}.Release|Any CPU.ActiveCfg = Release|Any CPU
		{6FDB7264-1C69-4ECA-9604-7D04B63F3DF1}.Release|Any CPU.Build.0 = Release|Any CPU
	EndGlobalSection
	GlobalSection(SolutionProperties) = preSolution
		HideSolutionNode = FALSE
	EndGlobalSection
	GlobalSection(ExtensibilityGlobals) = postSolution
		SolutionGuid = {6F32E226-FC6E-4373-92FA-B44E9704DEEE}
	EndGlobalSection
EndGlobal
